filippo.io/edwards25519 v1.2.0 h1:crnVqOiS4jqYleHd9vaKZ+HKtHfllngJIiOpNpoJsjo=
filippo.io/edwards25519 v1.2.0/go.mod h1:xzAOLCNug/yB62zG1bQ8uziwrIqIuxhctzJT18Q77mc=
github.com/DATA-DOG/go-sqlmock v1.5.2 h1:OcvFkGmslmlZibjAjaHm3L//6LiuBgolP7OputlJIzU=
github.com/DATA-DOG/go-sqlmock v1.5.2/go.mod h1:88MAG/4G7SMwSE3CeA0ZKzrT5CiOU3OJ+JlNzwDqpNU=
github.com/agnivade/levenshtein v1.2.1 h1:EHBY3UOn1gwdy/VbFwgo4cxecRznFk7fKWN1KOX7eoM=
github.com/agnivade/levenshtein v1.2.1/go.mod h1:QVVI16kDrtSuwcpd0p1+xMC6Z/VfhtCyDIjcwga4/DU=
github.com/andreyvit/diff v0.0.0-20170406064948-c7f18ee00883 h1:bvNMNQO63//z+xNgfBlViaCIJKLlCJ6/fmUseuG0wVQ=
github.com/andreyvit/diff v0.0.0-20170406064948-c7f18ee00883/go.mod h1:rCTlJbsFo29Kk6CurOXKm700vrz8f0KW0JNfpkRJY/8=
github.com/beeper/argo-go v1.1.2 h1:UQI2G8F+NLfGTOmTUI0254pGKx/HUU/etbUGTJv91Fs=
github.com/beeper/argo-go v1.1.2/go.mod h1:M+LJAnyowKVQ6Rdj6XYGEn+qcVFkb3R/MUpqkGR0hM4=
github.com/coder/websocket v1.8.15 h1:6B2JPeOGlpff2Uz6vOEH1Vzpi0iUz20A+lPVhPHtNUA=
github.com/coder/websocket v1.8.15/go.mod h1:NX3SzP+inril6yawo5CQXx8+fk145lPDC6pumgx0mVg=
github.com/elliotchance/orderedmap/v3 v3.1.0 h1:j4DJ5ObEmMBt/lcwIecKcoRxIQUEnw0L804lXYDt/pg=
github.com/elliotchance/orderedmap/v3 v3.1.0/go.mod h1:G+Hc2RwaZvJMcS4JpGCOyViCnGeKf0bTYCGTO4uhjSo=
github.com/google/go-cmp v0.7.0 h1:wk8382ETsv4JYUZwIsn6YpYiWiBsYLSJiTsyBybVuN8=
github.com/google/go-cmp v0.7.0/go.mod h1:pXiqmnSA92OHEEa9HXL2W4E7lf9JzCmGVUdgjX3N/iU=
github.com/google/uuid v1.6.0 h1:NIvaJDMOsjHA8n1jAhLSgzrAzy1Hgr+hNrb57e+94F0=
github.com/google/uuid v1.6.0/go.mod h1:TIyPZe4MgqvfeYDBFedMoGGpEw/LqOeaOT+nhxU+yHo=
github.com/joho/godotenv v1.5.1 h1:7eLL/+HRGLY0ldzfGMeQkb7vMd0as4CfYvUVzLqw0N0=
github.com/joho/godotenv v1.5.1/go.mod h1:f4LDr5Voq0i2e/R5DDNOoa2zzDfwtkZa6DnEwAbqwq4=
github.com/lib/pq v1.12.3 h1:tTWxr2YLKwIvK90ZXEw8GP7UFHtcbTtty8zsI+YjrfQ=
github.com/lib/pq v1.12.3/go.mod h1:/p+8NSbOcwzAEI7wiMXFlgydTwcgTr3OSKMsD2BitpA=
github.com/mattn/go-colorable v0.1.14 h1:9A9LHSqF/7dyVVX6g0U9cwm9pG3kP9gSzcuIPHPsaIE=
github.com/mattn/go-colorable v0.1.14/go.mod h1:6LmQG8QLFO4G5z1gPvYEzlUgJ2wF+stgPZH1UqBm1s8=
github.com/mattn/go-isatty v0.0.20 h1:xfD0iDuEKnDkl03q4limB+vH+GxLEtL/jb4xVJSWWEY=
github.com/mattn/go-isatty v0.0.20/go.mod h1:W+V8PltTTMOvKvAeJH7IuucS94S2C6jfK/D7dTCTo3Y=
github.com/mattn/go-sqlite3 v1.14.45 h1:6KA/spDguL3KV8rnybG7ezSaE4SeMR3KC9VbUoAQaIk=
github.com/mattn/go-sqlite3 v1.14.45/go.mod h1:pjEuOr8IwzLJP2MfGeTb0A35jauH+C2kbHKBr7yXKVQ=
github.com/petermattis/goid v0.0.0-20260330135022-df67b199bc81 h1:WDsQxOJDy0N1VRAjXLpi8sCEZRSGarLWQevDxpTBRrM=
github.com/petermattis/goid v0.0.0-20260330135022-df67b199bc81/go.mod h1:pxMtw7cyUw6B2bRH0ZBANSPg+AoSud1I1iyJHI69jH4=
github.com/pion/datachannel v1.6.3 h1:HZAYLpunVI0xi057ZiANl558d0uSpomcWw4UEPz3qXs=
github.com/pion/datachannel v1.6.3/go.mod h1:oRmkXVVXxkUbqa8MatgdNHW29kvtQY3HUdjJQsfv2GE=
github.com/pion/dtls/v3 v3.1.9 h1:rpeycmLIkc4krpk1IxP7+39o11QdCXbmV9+FGi9yZJ8=
github.com/pion/dtls/v3 v3.1.9/go.mod h1:iKFQNYrjsN2TiA2YKKMqB9MOZaFpjFULBI/A4sW0eyc=
github.com/pion/ice/v4 v4.4.4 h1:nPhqLkf8NoE9O8NBKd3Xo2NNc2PlBMdM07tWZ+IH/i8=
github.com/pion/ice/v4 v4.4.4/go.mod h1:vkrbLwF98P/DJuCKoAmOQY4FJ7dJPI5VcBFOO3kyYx0=
github.com/pion/interceptor v0.1.49 h1:iyBsNHRoLNNXZiJA/DdGvJgdyfS8YWDCzxIAlVjt5nY=
github.com/pion/interceptor v0.1.49/go.mod h1:MZ6PJkja/TCo350HAnBrs/rUIyad9mWjpcvytrf3ViQ=
github.com/pion/logging v0.2.4 h1:tTew+7cmQ+Mc1pTBLKH2puKsOvhm32dROumOZ655zB8=
github.com/pion/logging v0.2.4/go.mod h1:DffhXTKYdNZU+KtJ5pyQDjvOAh/GsNSyv1lbkFbe3so=
github.com/pion/mdns/v2 v2.2.1 h1:lQPWv6Mo5jG1sKwqkYgfeXGX7/seban4x7/j0n485/M=
github.com/pion/mdns/v2 v2.2.1/go.mod h1:ZX5f0AAH1D6TOjdjvcBORZZHaZuG0t9+br78lHEwiJ4=
github.com/pion/randutil v0.1.0 h1:CFG1UdESneORglEsnimhUjf33Rwjubwj6xfiOXBa3mA=
github.com/pion/randutil v0.1.0/go.mod h1:XcJrSMMbbMRhASFVOlj/5hQial/Y8oH/HVo7TBZq+j8=
github.com/pion/rtcp v1.2.18 h1:ZPgMZMCtBoReTixtFAyzcOkuJiebyB94qxtBAyvSooM=
github.com/pion/rtcp v1.2.18/go.mod h1:vX7Es6skWYm4oVvOSC5+4WHLYUTZHcbGNmk5wjzMGH4=
github.com/pion/rtp v1.10.5 h1:ip0HhO/wYZqQ4bKS+R99KnZh/GRCmIT0jDXikub7vlE=
github.com/pion/rtp v1.10.5/go.mod h1:Au8fc6cEByy8RLTwKTQTEeQqDB/SJDxwL4mZuxYA5Pk=
github.com/pion/sctp v1.11.3 h1:cFo/voNuKzdxEno6z96PWq/96xkAJeMB/eqB7GNfmlQ=
github.com/pion/sctp v1.11.3/go.mod h1:7v/MXGBROc8fu9g2TVwCXRasPISCMd3j8wSH+o45uCI=
github.com/pion/sdp/v3 v3.0.20 h1:TS6DViqcmp+49f0+mjw9anbr9xY3vJtsZewxAvlMCRQ=
github.com/pion/sdp/v3 v3.0.20/go.mod h1:slIMXDK5OKj0nhISwjfeN18AzTBCt2LYZq9uPw0cU5Q=
github.com/pion/srtp/v3 v3.1.0 h1:keugrBOxtvAv5Urf4lBMfso8OCAX3mm7Brdl26JSvik=
github.com/pion/srtp/v3 v3.1.0/go.mod h1:RlTlj08MtRReQiVm/PMmMFUDNjZkoKuKJMHkl9+M7a8=
github.com/pion/stun/v4 v4.0.1 h1:S2ggK4hsUJJKoZfpL90uIqIRTj6xJ0NOIEkXgcpQif0=
github.com/pion/stun/v4 v4.0.1/go.mod h1:byktbPA8U7HjJ2H8w3moP7nzq0Q+kYNulvMLPaubQL4=
github.com/pion/transport/v5 v5.1.1 h1:Sauq8YJqRopgRfIgnpfKpdpKG14g0N4jWlRgpWsEfN8=
github.com/pion/transport/v5 v5.1.1/go.mod h1:Qxw6fCEjFWQkRDZOhS4Vf+neJBcihauvA3uyEa1J1F0=
github.com/pion/turn/v5 v5.1.2 h1:acEOO+D5txJ52vKfcilmSMItfP23Q9K6pJ1LM5P2VV0=
github.com/pion/turn/v5 v5.1.2/go.mod h1:57Oadc8fHnac15VFyCd6nEaBTVZBxQe2POUMD4lsHRA=
github.com/pion/webrtc/v4 v4.2.22 h1:eoRTHzLKW5tI9o5iahw3s4KL4IHPESsfIF06zWi3JAo=
github.com/pion/webrtc/v4 v4.2.22/go.mod h1:JBu1ba8lUEX4jbYFKofglMQJG7f0rJk7UepKjI3GaLE=
github.com/rs/zerolog v1.35.1 h1:m7xQeoiLIiV0BCEY4Hs+j2NG4Gp2o2KPKmhnnLiazKI=
github.com/rs/zerolog v1.35.1/go.mod h1:EjML9kdfa/RMA7h/6z6pYmq1ykOuA8/mjWaEvGI+jcw=
github.com/sergi/go-diff v1.3.1 h1:xkr+Oxo4BOQKmkn/B9eMK0g5Kg/983T9DqqPHwYqD+8=
github.com/sergi/go-diff v1.3.1/go.mod h1:aMJSSKb2lpPvRNec0+w3fl7LP9IOFzdc9Pa4NFbPK1I=
github.com/streadway/amqp v1.1.0 h1:py12iX8XSyI7aN/3dUT8DFIDJazNJsVJdxNVEpnQTZM=
github.com/streadway/amqp v1.1.0/go.mod h1:WYSrTEYHOXHd0nwFeUXAe2G2hRnQT+deZJJf88uS9Bg=
github.com/stretchr/testify v1.12.1 h1:EuwCh5fleGS7H32xRwO3wRGT7DxrDhLAT6FF8MpWDWE=
github.com/stretchr/testify v1.12.1/go.mod h1:MDEgiDPPsNp5cuIrHPPCyornHKgEVbtFUmoNlxoYthg=
github.com/vektah/gqlparser/v2 v2.5.27 h1:RHPD3JOplpk5mP5JGX8RKZkt2/Vwj/PZv0HxTdwFp0s=
github.com/vektah/gqlparser/v2 v2.5.27/go.mod h1:D1/VCZtV3LPnQrcPBeR/q5jkSQIPti0uYCP/RI0gIeo=
github.com/wlynxg/anet v0.0.5 h1:J3VJGi1gvo0JwZ/P1/Yc/8p63SoW98B5dHkYDmpgvvU=
github.com/wlynxg/anet v0.0.5/go.mod h1:eay5PRQr7fIVAMbTbchTnO9gG65Hg/uYGdc7mguHxoA=
go.mau.fi/libsignal v0.2.2 h1:QV+XdzQkm3x3aSG7FcqfGSZuFXz83pRZPBFaPygHbOU=
go.mau.fi/libsignal v0.2.2/go.mod h1:CRlIQg2J8uYTfDFvNoO8/KcZjs5cey0vbc6oj/bssY0=
go.mau.fi/util v0.9.10 h1:wzvz5iDHyqDXB8vgisD4d3SzucLXNM3iNY+1O1RoHtg=
go.mau.fi/util v0.9.10/go.mod h1:YQOxySn+ZE3qSYqNxvyX7Yi3suA8YK17PS6QqBREW7A=
go.mau.fi/whatsmeow v0.0.0-20260630180629-b572e5bcb92b h1:ZUk1ErarDNpnbosXR/MeOz2gkqA4S1bh8zjaSRj7N+Y=
go.mau.fi/whatsmeow v0.0.0-20260630180629-b572e5bcb92b/go.mod h1:9dmNTYZ/1pHjPw/bz+azBsGjAkcrZbqzMrKcvG5bJ8U=
go.yaml.in/yaml/v3 v3.0.5 h1:N6y/pJk8buWs9NY5ERU2HSMfm+IuD/OtfdAnq6kESPw=
go.yaml.in/yaml/v3 v3.0.5/go.mod h1:HVTZu1O7/Vkt2N+BFy8Zza+lnLsABggaTM2ZpNIGuKg=
golang.org/x/crypto v0.53.0 h1:QZ4Muo8THX6CizN2vPPd5fBGHyogrdK9fG4wLPFUsto=
golang.org/x/crypto v0.53.0/go.mod h1:DNLU434OwVakk9PzuwV8w62mAJpRJL3vsgcfp4Qnsio=
golang.org/x/exp v0.0.0-20260611194520-c48552f49976 h1:X8Hz2ImujgbmetVuW+w2YkyZChE3cBpZi2P158rTG9M=
golang.org/x/exp v0.0.0-20260611194520-c48552f49976/go.mod h1:vnf4pv9iKZXY58sQE1L86zmNWJ4159e1RkcWiLCkeEY=
golang.org/x/net v0.56.0 h1:Rw8j/hFzGvJUZwNBXnAtf5sVDVt+65SK2C7IxCxZt5o=
golang.org/x/net v0.56.0/go.mod h1:D3Ku6r+V6JROoZK144D2XfMHFcMq/0zSfLelVTCFKec=
golang.org/x/sync v0.21.0 h1:HLII4xRRTtCRkxYp4HNFF0Js/Og6q2i++KXbg0gHCwM=
golang.org/x/sync v0.21.0/go.mod h1:9xrNwdLfx4jkKbNva9FpL6vEN7evnE43NNNJQ2LF3+0=
golang.org/x/sys v0.6.0/go.mod h1:oPkhp1MJrh7nUepCBck5+mAzfO9JrbApNNgaTdGDITg=
golang.org/x/sys v0.46.0 h1:noSf2Fq6F8DBgS+LysIkx7rIExoNHJsxOAtPp4rthXw=
golang.org/x/sys v0.46.0/go.mod h1:4GL1E5IUh+htKOUEOaiffhrAeqysfVGipDYzABqnCmw=
golang.org/x/text v0.38.0 h1:sXmwo9DwP3OK9EZ7PqAdaooSGozfl/3a6/xJcbzPRhE=
golang.org/x/text v0.38.0/go.mod h1:YXZt3QhHUKYT53r2lLKFIVi6Ao1jdzrTR/KQ09qyxF4=
golang.org/x/time v0.14.0 h1:MRx4UaLrDotUKUdCIqzPC48t1Y9hANFKIRpNx+Te8PI=
golang.org/x/time v0.14.0/go.mod h1:eL/Oa2bBBK0TkX57Fyni+NgnyQQN4LitPmob2Hjnqw4=
google.golang.org/protobuf v1.36.11 h1:fV6ZwhNocDyBLK0dj+fg8ektcVegBBuEolpbTQyBNVE=
google.golang.org/protobuf v1.36.11/go.mod h1:HTf+CrKn2C3g5S8VImy6tdcUvCska2kB7j23XfzDpco=
